
Microsoft Visual Studio Solution File, Format Version 12.00
# Visual Studio Version 17
VisualStudioVersion = 17.11.35222.181
MinimumVisualStudioVersion = 10.0.40219.1
Project("{9A19103F-16F7-4668-BE54-9A1E7A4F7556}") = "OliveFullStack.PresentationLayer", "OliveFullStack.Server\OliveFullStack.PresentationLayer.csproj", "{FE497C70-4197-4890-B680-030CDFCFC921}"
	ProjectSection(ProjectDependencies) = postProject
		{82593DEF-2898-4C52-94C4-84A31FC8F4B1} = {82593DEF-2898-4C52-94C4-84A31FC8F4B1}
	EndProjectSection
EndProject
Project("{54A90642-561A-4BB1-A94E-469ADEE60C69}") = "olivefullstack.client", "olivefullstack.client\olivefullstack.client.esproj", "{7F9360BE-5923-452F-8599-3F70395A0E3E}"
EndProject
Project("{9A19103F-16F7-4668-BE54-9A1E7A4F7556}") = "Ovile_DAL_Layer", "Ovile_DAL_Layer\Ovile_DAL_Layer.csproj", "{82593DEF-2898-4C52-94C4-84A31FC8F4B1}"
EndProject
Project("{9A19103F-16F7-4668-BE54-9A1E7A4F7556}") = "Ovile_BLL_Layer", "Ovile_BLL_Layer\Ovile_BLL_Layer.csproj", "{695E5F95-586E-49B6-BB99-23F24EC93679}"
EndProject
Project("{FAE04EC0-301F-11D3-BF4B-00C04F79EFBC}") = "PresentationNewsController_Testing", "PresentationNewsController_Testing\PresentationNewsController_Testing.csproj", "{338BE9F8-722E-438F-99AE-E5EB4CAAFFE9}"
EndProject
Global
	GlobalSection(SolutionConfigurationPlatforms) = preSolution
		Debug|Any CPU = Debug|Any CPU
		Release|Any CPU = Release|Any CPU
	EndGlobalSection
	GlobalSection(ProjectConfigurationPlatforms) = postSolution
		{FE497C70-4197-4890-B680-030CDFCFC921}.Debug|Any CPU.ActiveCfg = Debug|Any CPU
		{FE497C70-4197-4890-B680-030CDFCFC921}.Debug|Any CPU.Build.0 = Debug|Any CPU
		{FE497C70-4197-4890-B680-030CDFCFC921}.Release|Any CPU.ActiveCfg = Release|Any CPU
		{FE497C70-4197-4890-B680-030CDFCFC921}.Release|Any CPU.Build.0 = Release|Any CPU
		{7F9360BE-5923-452F-8599-3F70395A0E3E}.Debug|Any CPU.ActiveCfg = Debug|Any CPU
		{7F9360BE-5923-452F-8599-3F70395A0E3E}.Debug|Any CPU.Build.0 = Debug|Any CPU
		{7F9360BE-5923-452F-8599-3F70395A0E3E}.Debug|Any CPU.Deploy.0 = Debug|Any CPU
		{7F9360BE-5923-452F-8599-3F70395A0E3E}.Release|Any CPU.ActiveCfg = Release|Any CPU
		{7F9360BE-5923-452F-8599-3F70395A0E3E}.Release|Any CPU.Build.0 = Release|Any CPU
		{7F9360BE-5923-452F-8599-3F70395A0E3E}.Release|Any CPU.Deploy.0 = Release|Any CPU
		{82593DEF-2898-4C52-94C4-84A31FC8F4B1}.Debug|Any CPU.ActiveCfg = Debug|Any CPU
		{82593DEF-2898-4C52-94C4-84A31FC8F4B1}.Debug|Any CPU.Build.0 = Debug|Any CPU
		{82593DEF-2898-4C52-94C4-84A31FC8F4B1}.Release|Any CPU.ActiveCfg = Release|Any CPU
		{82593DEF-2898-4C52-94C4-84A31FC8F4B1}.Release|Any CPU.Build.0 = Release|Any CPU
		{695E5F95-586E-49B6-BB99-23F24EC93679}.Debug|Any CPU.ActiveCfg = Debug|Any CPU
		{695E5F95-586E-49B6-BB99-23F24EC93679}.Debug|Any CPU.Build.0 = Debug|Any CPU
		{695E5F95-586E-49B6-BB99-23F24EC93679}.Release|Any CPU.ActiveCfg = Release|Any CPU
		{695E5F95-586E-49B6-BB99-23F24EC93679}.Release|Any CPU.Build.0 = Release|Any CPU
		{338BE9F8-722E-438F-99AE-E5EB4CAAFFE9}.Debug|Any CPU.ActiveCfg = Debug|Any CPU
		{338BE9F8-722E-438F-99AE-E5EB4CAAFFE9}.Debug|Any CPU.Build.0 = Debug|Any CPU
		{338BE9F8-722E-438F-99AE-E5EB4CAAFFE9}.Release|Any CPU.ActiveCfg = Release|Any CPU
		{338BE9F8-722E-438F-99AE-E5EB4CAAFFE9}.Release|Any CPU.Build.0 = Release|Any CPU
	EndGlobalSection
	GlobalSection(SolutionProperties) = preSolution
		HideSolutionNode = FALSE
	EndGlobalSection
	GlobalSection(ExtensibilityGlobals) = postSolution
		SolutionGuid = {A82B2147-40B1-459D-BFA6-B7D956427987}
	EndGlobalSection
EndGlobal
