
Microsoft Visual Studio Solution File, Format Version 12.00
# Visual Studio Version 17
VisualStudioVersion = 17.11.35222.181
MinimumVisualStudioVersion = 10.0.40219.1
Project("{FAE04EC0-301F-11D3-BF4B-00C04F79EFBC}") = "OliveFullStack.Server", "OliveFullStack.Server\OliveFullStack.Server.csproj", "{FE497C70-4197-4890-B680-030CDFCFC921}"
EndProject
Project("{54A90642-561A-4BB1-A94E-469ADEE60C69}") = "olivefullstack.client", "olivefullstack.client\olivefullstack.client.esproj", "{7F9360BE-5923-452F-8599-3F70395A0E3E}"
EndProject
Global
	GlobalSection(SolutionConfigurationPlatforms) = preSolution
		Debug|Any CPU = Debug|Any CPU
		Release|Any CPU = Release|Any CPU
	EndGlobalSection
	GlobalSection(ProjectConfigurationPlatforms) = postSolution
		{FE497C70-4197-4890-B680-030CDFCFC921}.Debug|Any CPU.ActiveCfg = Debug|Any CPU
		{FE497C70-4197-4890-B680-030CDFCFC921}.Debug|Any CPU.Build.0 = Debug|Any CPU
		{FE497C70-4197-4890-B680-030CDFCFC921}.Release|Any CPU.ActiveCfg = Release|Any CPU
		{FE497C70-4197-4890-B680-030CDFCFC921}.Release|Any CPU.Build.0 = Release|Any CPU
		{7F9360BE-5923-452F-8599-3F70395A0E3E}.Debug|Any CPU.ActiveCfg = Debug|Any CPU
		{7F9360BE-5923-452F-8599-3F70395A0E3E}.Debug|Any CPU.Build.0 = Debug|Any CPU
		{7F9360BE-5923-452F-8599-3F70395A0E3E}.Debug|Any CPU.Deploy.0 = Debug|Any CPU
		{7F9360BE-5923-452F-8599-3F70395A0E3E}.Release|Any CPU.ActiveCfg = Release|Any CPU
		{7F9360BE-5923-452F-8599-3F70395A0E3E}.Release|Any CPU.Build.0 = Release|Any CPU
		{7F9360BE-5923-452F-8599-3F70395A0E3E}.Release|Any CPU.Deploy.0 = Release|Any CPU
	EndGlobalSection
	GlobalSection(SolutionProperties) = preSolution
		HideSolutionNode = FALSE
	EndGlobalSection
	GlobalSection(ExtensibilityGlobals) = postSolution
		SolutionGuid = {A82B2147-40B1-459D-BFA6-B7D956427987}
	EndGlobalSection
EndGlobal
